
Microsoft Visual Studio Solution File, Format Version 12.00
# Visual Studio Version 17
VisualStudioVersion = 17.0.31903.59
MinimumVisualStudioVersion = 10.0.40219.1
Project("{FAE04EC0-301F-11D3-BF4B-00C04F79EFBC}") = "ResumeMatcher.API", "ResumeMatcher.API\ResumeMatcher.API.csproj", "{274186C9-466B-4C2C-A6E0-96B3282897AB}"
EndProject
Global
	GlobalSection(SolutionConfigurationPlatforms) = preSolution
		Debug|Any CPU = Debug|Any CPU
		Release|Any CPU = Release|Any CPU
	EndGlobalSection
	GlobalSection(SolutionProperties) = preSolution
		HideSolutionNode = FALSE
	EndGlobalSection
	GlobalSection(ProjectConfigurationPlatforms) = postSolution
		{274186C9-466B-4C2C-A6E0-96B3282897AB}.Debug|Any CPU.ActiveCfg = Debug|Any CPU
		{274186C9-466B-4C2C-A6E0-96B3282897AB}.Debug|Any CPU.Build.0 = Debug|Any CPU
		{274186C9-466B-4C2C-A6E0-96B3282897AB}.Release|Any CPU.ActiveCfg = Release|Any CPU
		{274186C9-466B-4C2C-A6E0-96B3282897AB}.Release|Any CPU.Build.0 = Release|Any CPU
	EndGlobalSection
EndGlobal
